
Microsoft Visual Studio Solution File, Format Version 12.00
# Visual Studio 15
Project("{FAE04EC0-301F-11D3-BF4B-00C04F79EFBC}") = "Assembly-CSharp", "Assembly-CSharp.csproj", "{298F9FC4-3244-A061-DB37-38D0D650AA7B}"
EndProject
Project("{FAE04EC0-301F-11D3-BF4B-00C04F79EFBC}") = "Unity.XR.Interaction.Toolkit.Samples.StarterAssets", "Unity.XR.Interaction.Toolkit.Samples.StarterAssets.csproj", "{F108E847-5380-5F3B-179F-65EA5962A661}"
EndProject
Project("{FAE04EC0-301F-11D3-BF4B-00C04F79EFBC}") = "Unity.XR.Interaction.Toolkit.Samples.StarterAssets.Editor", "Unity.XR.Interaction.Toolkit.Samples.StarterAssets.Editor.csproj", "{307DD4B8-9389-320C-C9A0-2D39CB5545A3}"
EndProject
Global
	GlobalSection(SolutionConfigurationPlatforms) = preSolution
		Debug|Any CPU = Debug|Any CPU
		Release|Any CPU = Release|Any CPU
	EndGlobalSection
	GlobalSection(ProjectConfigurationPlatforms) = postSolution
		{298F9FC4-3244-A061-DB37-38D0D650AA7B}.Debug|Any CPU.ActiveCfg = Debug|Any CPU
		{298F9FC4-3244-A061-DB37-38D0D650AA7B}.Debug|Any CPU.Build.0 = Debug|Any CPU
		{298F9FC4-3244-A061-DB37-38D0D650AA7B}.Release|Any CPU.ActiveCfg = Release|Any CPU
		{298F9FC4-3244-A061-DB37-38D0D650AA7B}.Release|Any CPU.Build.0 = Release|Any CPU
		{F108E847-5380-5F3B-179F-65EA5962A661}.Debug|Any CPU.ActiveCfg = Debug|Any CPU
		{F108E847-5380-5F3B-179F-65EA5962A661}.Debug|Any CPU.Build.0 = Debug|Any CPU
		{F108E847-5380-5F3B-179F-65EA5962A661}.Release|Any CPU.ActiveCfg = Release|Any CPU
		{F108E847-5380-5F3B-179F-65EA5962A661}.Release|Any CPU.Build.0 = Release|Any CPU
		{307DD4B8-9389-320C-C9A0-2D39CB5545A3}.Debug|Any CPU.ActiveCfg = Debug|Any CPU
		{307DD4B8-9389-320C-C9A0-2D39CB5545A3}.Debug|Any CPU.Build.0 = Debug|Any CPU
		{307DD4B8-9389-320C-C9A0-2D39CB5545A3}.Release|Any CPU.ActiveCfg = Release|Any CPU
		{307DD4B8-9389-320C-C9A0-2D39CB5545A3}.Release|Any CPU.Build.0 = Release|Any CPU
	EndGlobalSection
	GlobalSection(SolutionProperties) = preSolution
		HideSolutionNode = FALSE
	EndGlobalSection
EndGlobal
